// !$*UTF8*$!
{
	archiveVersion = 1;
	classes = {
	};
	objectVersion = 46;
	objects = {

/* Begin PBXBuildFile section */
		59A8AD731D73EB85002AB46B /* AppDelegate.swift in Sources */ = {isa = PBXBuildFile; fileRef = 59A8AD721D73EB85002AB46B /* AppDelegate.swift */; };
		59A8AD751D73EB85002AB46B /* ViewController.swift in Sources */ = {isa = PBXBuildFile; fileRef = 59A8AD741D73EB85002AB46B /* ViewController.swift */; };
		59A8AD781D73EB85002AB46B /* Main.storyboard in Resources */ = {isa = PBXBuildFile; fileRef = 59A8AD761D73EB85002AB46B /* Main.storyboard */; };
		59A8AD7A1D73EB85002AB46B /* Assets.xcassets in Resources */ = {isa = PBXBuildFile; fileRef = 59A8AD791D73EB85002AB46B /* Assets.xcassets */; };
		59A8AD7D1D73EB85002AB46B /* LaunchScreen.storyboard in Resources */ = {isa = PBXBuildFile; fileRef = 59A8AD7B1D73EB85002AB46B /* LaunchScreen.storyboard */; };
		59A8AD881D73EB85002AB46B /* BebEvoTests.swift in Sources */ = {isa = PBXBuildFile; fileRef = 59A8AD871D73EB85002AB46B /* BebEvoTests.swift */; };
		59A8AD931D73EB85002AB46B /* BebEvoUITests.swift in Sources */ = {isa = PBXBuildFile; fileRef = 59A8AD921D73EB85002AB46B /* BebEvoUITests.swift */; };
/* End PBXBuildFile section */

/* Begin PBXContainerItemProxy section */
		59A8AD841D73EB85002AB46B /* PBXContainerItemProxy */ = {
			isa = PBXContainerItemProxy;
			containerPortal = 59A8AD671D73EB85002AB46B /* Project object */;
			proxyType = 1;
			remoteGlobalIDString = 59A8AD6E1D73EB85002AB46B;
			remoteInfo = BebEvo;
		};
		59A8AD8F1D73EB85002AB46B /* PBXContainerItemProxy */ = {
			isa = PBXContainerItemProxy;
			containerPortal = 59A8AD671D73EB85002AB46B /* Project object */;
			proxyType = 1;
			remoteGlobalIDString = 59A8AD6E1D73EB85002AB46B;
			remoteInfo = BebEvo;
		};
/* End PBXContainerItemProxy section */

/* Begin PBXFileReference section */
		59A8AD6F1D73EB85002AB46B /* BebEvo.app */ = {isa = PBXFileReference; explicitFileType = wrapper.application; includeInIndex = 0; path = BebEvo.app; sourceTree = BUILT_PRODUCTS_DIR; };
		59A8AD721D73EB85002AB46B /* AppDelegate.swift */ = {isa = PBXFileReference; lastKnownFileType = sourcecode.swift; path = AppDelegate.swift; sourceTree = "<group>"; };
		59A8AD741D73EB85002AB46B /* ViewController.swift */ = {isa = PBXFileReference; lastKnownFileType = sourcecode.swift; path = ViewController.swift; sourceTree = "<group>"; };
		59A8AD771D73EB85002AB46B /* Base */ = {isa = PBXFileReference; lastKnownFileType = file.storyboard; name = Base; path = Base.lproj/Main.storyboard; sourceTree = "<group>"; };
		59A8AD791D73EB85002AB46B /* Assets.xcassets */ = {isa = PBXFileReference; lastKnownFileType = folder.assetcatalog; path = Assets.xcassets; sourceTree = "<group>"; };
		59A8AD7C1D73EB85002AB46B /* Base */ = {isa = PBXFileReference; lastKnownFileType = file.storyboard; name = Base; path = Base.lproj/LaunchScreen.storyboard; sourceTree = "<group>"; };
		59A8AD7E1D73EB85002AB46B /* Info.plist */ = {isa = PBXFileReference; lastKnownFileType = text.plist.xml; path = Info.plist; sourceTree = "<group>"; };
		59A8AD831D73EB85002AB46B /* BebEvoTests.xctest */ = {isa = PBXFileReference; explicitFileType = wrapper.cfbundle; includeInIndex = 0; path = BebEvoTests.xctest; sourceTree = BUILT_PRODUCTS_DIR; };
		59A8AD871D73EB85002AB46B /* BebEvoTests.swift */ = {isa = PBXFileReference; lastKnownFileType = sourcecode.swift; path = BebEvoTests.swift; sourceTree = "<group>"; };
		59A8AD891D73EB85002AB46B /* Info.plist */ = {isa = PBXFileReference; lastKnownFileType = text.plist.xml; path = Info.plist; sourceTree = "<group>"; };
		59A8AD8E1D73EB85002AB46B /* BebEvoUITests.xctest */ = {isa = PBXFileReference; explicitFileType = wrapper.cfbundle; includeInIndex = 0; path = BebEvoUITests.xctest; sourceTree = BUILT_PRODUCTS_DIR; };
		59A8AD921D73EB85002AB46B /* BebEvoUITests.swift */ = {isa = PBXFileReference; lastKnownFileType = sourcecode.swift; path = BebEvoUITests.swift; sourceTree = "<group>"; };
		59A8AD941D73EB85002AB46B /* Info.plist */ = {isa = PBXFileReference; lastKnownFileType = text.plist.xml; path = Info.plist; sourceTree = "<group>"; };
/* End PBXFileReference section */

/* Begin PBXFrameworksBuildPhase section */
		59A8AD6C1D73EB85002AB46B /* Frameworks */ = {
			isa = PBXFrameworksBuildPhase;
			buildActionMask = 2147483647;
			files = (
			);
			runOnlyForDeploymentPostprocessing = 0;
		};
		59A8AD801D73EB85002AB46B /* Frameworks */ = {
			isa = PBXFrameworksBuildPhase;
			buildActionMask = 2147483647;
			files = (
			);
			runOnlyForDeploymentPostprocessing = 0;
		};
		59A8AD8B1D73EB85002AB46B /* Frameworks */ = {
			isa = PBXFrameworksBuildPhase;
			buildActionMask = 2147483647;
			files = (
			);
			runOnlyForDeploymentPostprocessing = 0;
		};
/* End PBXFrameworksBuildPhase section */

/* Begin PBXGroup section */
		59A8AD661D73EB85002AB46B = {
			isa = PBXGroup;
			children = (
				59A8AD711D73EB85002AB46B /* BebEvo */,
				59A8AD861D73EB85002AB46B /* BebEvoTests */,
				59A8AD911D73EB85002AB46B /* BebEvoUITests */,
				59A8AD701D73EB85002AB46B /* Products */,
			);
			sourceTree = "<group>";
		};
		59A8AD701D73EB85002AB46B /* Products */ = {
			isa = PBXGroup;
			children = (
				59A8AD6F1D73EB85002AB46B /* BebEvo.app */,
				59A8AD831D73EB85002AB46B /* BebEvoTests.xctest */,
				59A8AD8E1D73EB85002AB46B /* BebEvoUITests.xctest */,
			);
			name = Products;
			sourceTree = "<group>";
		};
		59A8AD711D73EB85002AB46B /* BebEvo */ = {
			isa = PBXGroup;
			children = (
				59A8AD721D73EB85002AB46B /* AppDelegate.swift */,
				59A8AD741D73EB85002AB46B /* ViewController.swift */,
				59A8AD761D73EB85002AB46B /* Main.storyboard */,
				59A8AD791D73EB85002AB46B /* Assets.xcassets */,
				59A8AD7B1D73EB85002AB46B /* LaunchScreen.storyboard */,
				59A8AD7E1D73EB85002AB46B /* Info.plist */,
			);
			path = BebEvo;
			sourceTree = "<group>";
		};
		59A8AD861D73EB85002AB46B /* BebEvoTests */ = {
			isa = PBXGroup;
			children = (
				59A8AD871D73EB85002AB46B /* BebEvoTests.swift */,
				59A8AD891D73EB85002AB46B /* Info.plist */,
			);
			path = BebEvoTests;
			sourceTree = "<group>";
		};
		59A8AD911D73EB85002AB46B /* BebEvoUITests */ = {
			isa = PBXGroup;
			children = (
				59A8AD921D73EB85002AB46B /* BebEvoUITests.swift */,
				59A8AD941D73EB85002AB46B /* Info.plist */,
			);
			path = BebEvoUITests;
			sourceTree = "<group>";
		};
/* End PBXGroup section */

/* Begin PBXNativeTarget section */
		59A8AD6E1D73EB85002AB46B /* BebEvo */ = {
			isa = PBXNativeTarget;
			buildConfigurationList = 59A8AD971D73EB85002AB46B /* Build configuration list for PBXNativeTarget "BebEvo" */;
			buildPhases = (
				59A8AD6B1D73EB85002AB46B /* Sources */,
				59A8AD6C1D73EB85002AB46B /* Frameworks */,
				59A8AD6D1D73EB85002AB46B /* Resources */,
			);
			buildRules = (
			);
			dependencies = (
			);
			name = BebEvo;
			productName = BebEvo;
			productReference = 59A8AD6F1D73EB85002AB46B /* BebEvo.app */;
			productType = "com.apple.product-type.application";
		};
		59A8AD821D73EB85002AB46B /* BebEvoTests */ = {
			isa = PBXNativeTarget;
			buildConfigurationList = 59A8AD9A1D73EB85002AB46B /* Build configuration list for PBXNativeTarget "BebEvoTests" */;
			buildPhases = (
				59A8AD7F1D73EB85002AB46B /* Sources */,
				59A8AD801D73EB85002AB46B /* Frameworks */,
				59A8AD811D73EB85002AB46B /* Resources */,
			);
			buildRules = (
			);
			dependencies = (
				59A8AD851D73EB85002AB46B /* PBXTargetDependency */,
			);
			name = BebEvoTests;
			productName = BebEvoTests;
			productReference = 59A8AD831D73EB85002AB46B /* BebEvoTests.xctest */;
			productType = "com.apple.product-type.bundle.unit-test";
		};
		59A8AD8D1D73EB85002AB46B /* BebEvoUITests */ = {
			isa = PBXNativeTarget;
			buildConfigurationList = 59A8AD9D1D73EB85002AB46B /* Build configuration list for PBXNativeTarget "BebEvoUITests" */;
			buildPhases = (
				59A8AD8A1D73EB85002AB46B /* Sources */,
				59A8AD8B1D73EB85002AB46B /* Frameworks */,
				59A8AD8C1D73EB85002AB46B /* Resources */,
			);
			buildRules = (
			);
			dependencies = (
				59A8AD901D73EB85002AB46B /* PBXTargetDependency */,
			);
			name = BebEvoUITests;
			productName = BebEvoUITests;
			productReference = 59A8AD8E1D73EB85002AB46B /* BebEvoUITests.xctest */;
			productType = "com.apple.product-type.bundle.ui-testing";
		};
/* End PBXNativeTarget section */

/* Begin PBXProject section */
		59A8AD671D73EB85002AB46B /* Project object */ = {
			isa = PBXProject;
			attributes = {
				LastSwiftUpdateCheck = 0730;
				LastUpgradeCheck = 0730;
				ORGANIZATIONNAME = "Noel Ferreira";
				TargetAttributes = {
					59A8AD6E1D73EB85002AB46B = {
						CreatedOnToolsVersion = 7.3.1;
					};
					59A8AD821D73EB85002AB46B = {
						CreatedOnToolsVersion = 7.3.1;
						TestTargetID = 59A8AD6E1D73EB85002AB46B;
					};
					59A8AD8D1D73EB85002AB46B = {
						CreatedOnToolsVersion = 7.3.1;
						TestTargetID = 59A8AD6E1D73EB85002AB46B;
					};
				};
			};
			buildConfigurationList = 59A8AD6A1D73EB85002AB46B /* Build configuration list for PBXProject "BebEvo" */;
			compatibilityVersion = "Xcode 3.2";
			developmentRegion = English;
			hasScannedForEncodings = 0;
			knownRegions = (
				en,
				Base,
			);
			mainGroup = 59A8AD661D73EB85002AB46B;
			productRefGroup = 59A8AD701D73EB85002AB46B /* Products */;
			projectDirPath = "";
			projectRoot = "";
			targets = (
				59A8AD6E1D73EB85002AB46B /* BebEvo */,
				59A8AD821D73EB85002AB46B /* BebEvoTests */,
				59A8AD8D1D73EB85002AB46B /* BebEvoUITests */,
			);
		};
/* End PBXProject section */

/* Begin PBXResourcesBuildPhase section */
		59A8AD6D1D73EB85002AB46B /* Resources */ = {
			isa = PBXResourcesBuildPhase;
			buildActionMask = 2147483647;
			files = (
				59A8AD7D1D73EB85002AB46B /* LaunchScreen.storyboard in Resources */,
				59A8AD7A1D73EB85002AB46B /* Assets.xcassets in Resources */,
				59A8AD781D73EB85002AB46B /* Main.storyboard in Resources */,
			);
			runOnlyForDeploymentPostprocessing = 0;
		};
		59A8AD811D73EB85002AB46B /* Resources */ = {
			isa = PBXResourcesBuildPhase;
			buildActionMask = 2147483647;
			files = (
			);
			runOnlyForDeploymentPostprocessing = 0;
		};
		59A8AD8C1D73EB85002AB46B /* Resources */ = {
			isa = PBXResourcesBuildPhase;
			buildActionMask = 2147483647;
			files = (
			);
			runOnlyForDeploymentPostprocessing = 0;
		};
/* End PBXResourcesBuildPhase section */

/* Begin PBXSourcesBuildPhase section */
		59A8AD6B1D73EB85002AB46B /* Sources */ = {
			isa = PBXSourcesBuildPhase;
			buildActionMask = 2147483647;
			files = (
				59A8AD751D73EB85002AB46B /* ViewController.swift in Sources */,
				59A8AD731D73EB85002AB46B /* AppDelegate.swift in Sources */,
			);
			runOnlyForDeploymentPostprocessing = 0;
		};
		59A8AD7F1D73EB85002AB46B /* Sources */ = {
			isa = PBXSourcesBuildPhase;
			buildActionMask = 2147483647;
			files = (
				59A8AD881D73EB85002AB46B /* BebEvoTests.swift in Sources */,
			);
			runOnlyForDeploymentPostprocessing = 0;
		};
		59A8AD8A1D73EB85002AB46B /* Sources */ = {
			isa = PBXSourcesBuildPhase;
			buildActionMask = 2147483647;
			files = (
				59A8AD931D73EB85002AB46B /* BebEvoUITests.swift in Sources */,
			);
			runOnlyForDeploymentPostprocessing = 0;
		};
/* End PBXSourcesBuildPhase section */

/* Begin PBXTargetDependency section */
		59A8AD851D73EB85002AB46B /* PBXTargetDependency */ = {
			isa = PBXTargetDependency;
			target = 59A8AD6E1D73EB85002AB46B /* BebEvo */;
			targetProxy = 59A8AD841D73EB85002AB46B /* PBXContainerItemProxy */;
		};
		59A8AD901D73EB85002AB46B /* PBXTargetDependency */ = {
			isa = PBXTargetDependency;
			target = 59A8AD6E1D73EB85002AB46B /* BebEvo */;
			targetProxy = 59A8AD8F1D73EB85002AB46B /* PBXContainerItemProxy */;
		};
/* End PBXTargetDependency section */

/* Begin PBXVariantGroup section */
		59A8AD761D73EB85002AB46B /* Main.storyboard */ = {
			isa = PBXVariantGroup;
			children = (
				59A8AD771D73EB85002AB46B /* Base */,
			);
			name = Main.storyboard;
			sourceTree = "<group>";
		};
		59A8AD7B1D73EB85002AB46B /* LaunchScreen.storyboard */ = {
			isa = PBXVariantGroup;
			children = (
				59A8AD7C1D73EB85002AB46B /* Base */,
			);
			name = LaunchScreen.storyboard;
			sourceTree = "<group>";
		};
/* End PBXVariantGroup section */

/* Begin XCBuildConfiguration section */
		59A8AD951D73EB85002AB46B /* Debug */ = {
			isa = XCBuildConfiguration;
			buildSettings = {
				ALWAYS_SEARCH_USER_PATHS = NO;
				CLANG_ANALYZER_NONNULL = YES;
				CLANG_CXX_LANGUAGE_STANDARD = "gnu++0x";
				CLANG_CXX_LIBRARY = "libc++";
				CLANG_ENABLE_MODULES = YES;
				CLANG_ENABLE_OBJC_ARC = YES;
				CLANG_WARN_BOOL_CONVERSION = YES;
				CLANG_WARN_CONSTANT_CONVERSION = YES;
				CLANG_WARN_DIRECT_OBJC_ISA_USAGE = YES_ERROR;
				CLANG_WARN_EMPTY_BODY = YES;
				CLANG_WARN_ENUM_CONVERSION = YES;
				CLANG_WARN_INT_CONVERSION = YES;
				CLANG_WARN_OBJC_ROOT_CLASS = YES_ERROR;
				CLANG_WARN_UNREACHABLE_CODE = YES;
				CLANG_WARN__DUPLICATE_METHOD_MATCH = YES;
				"CODE_SIGN_IDENTITY[sdk=iphoneos*]" = "iPhone Developer";
				COPY_PHASE_STRIP = NO;
				DEBUG_INFORMATION_FORMAT = dwarf;
				ENABLE_STRICT_OBJC_MSGSEND = YES;
				ENABLE_TESTABILITY = YES;
				GCC_C_LANGUAGE_STANDARD = gnu99;
				GCC_DYNAMIC_NO_PIC = NO;
				GCC_NO_COMMON_BLOCKS = YES;
				GCC_OPTIMIZATION_LEVEL = 0;
				GCC_PREPROCESSOR_DEFINITIONS = (
					"DEBUG=1",
					"$(inherited)",
				);
				GCC_WARN_64_TO_32_BIT_CONVERSION = YES;
				GCC_WARN_ABOUT_RETURN_TYPE = YES_ERROR;
				GCC_WARN_UNDECLARED_SELECTOR = YES;
				GCC_WARN_UNINITIALIZED_AUTOS = YES_AGGRESSIVE;
				GCC_WARN_UNUSED_FUNCTION = YES;
				GCC_WARN_UNUSED_VARIABLE = YES;
				IPHONEOS_DEPLOYMENT_TARGET = 9.3;
				MTL_ENABLE_DEBUG_INFO = YES;
				ONLY_ACTIVE_ARCH = YES;
				SDKROOT = iphoneos;
				SWIFT_OPTIMIZATION_LEVEL = "-Onone";
				TARGETED_DEVICE_FAMILY = "1,2";
			};
			name = Debug;
		};
		59A8AD961D73EB85002AB46B /* Release */ = {
			isa = XCBuildConfiguration;
			buildSettings = {
				ALWAYS_SEARCH_USER_PATHS = NO;
				CLANG_ANALYZER_NONNULL = YES;
				CLANG_CXX_LANGUAGE_STANDARD = "gnu++0x";
				CLANG_CXX_LIBRARY = "libc++";
				CLANG_ENABLE_MODULES = YES;
				CLANG_ENABLE_OBJC_ARC = YES;
				CLANG_WARN_BOOL_CONVERSION = YES;
				CLANG_WARN_CONSTANT_CONVERSION = YES;
				CLANG_WARN_DIRECT_OBJC_ISA_USAGE = YES_ERROR;
				CLANG_WARN_EMPTY_BODY = YES;
				CLANG_WARN_ENUM_CONVERSION = YES;
				CLANG_WARN_INT_CONVERSION = YES;
				CLANG_WARN_OBJC_ROOT_CLASS = YES_ERROR;
				CLANG_WARN_UNREACHABLE_CODE = YES;
				CLANG_WARN__DUPLICATE_METHOD_MATCH = YES;
				"CODE_SIGN_IDENTITY[sdk=iphoneos*]" = "iPhone Developer";
				COPY_PHASE_STRIP = NO;
				DEBUG_INFORMATION_FORMAT = "dwarf-with-dsym";
				ENABLE_NS_ASSERTIONS = NO;
				ENABLE_STRICT_OBJC_MSGSEND = YES;
				GCC_C_LANGUAGE_STANDARD = gnu99;
				GCC_NO_COMMON_BLOCKS = YES;
				GCC_WARN_64_TO_32_BIT_CONVERSION = YES;
				GCC_WARN_ABOUT_RETURN_TYPE = YES_ERROR;
				GCC_WARN_UNDECLARED_SELECTOR = YES;
				GCC_WARN_UNINITIALIZED_AUTOS = YES_AGGRESSIVE;
				GCC_WARN_UNUSED_FUNCTION = YES;
				GCC_WARN_UNUSED_VARIABLE = YES;
				IPHONEOS_DEPLOYMENT_TARGET = 9.3;
				MTL_ENABLE_DEBUG_INFO = NO;
				SDKROOT = iphoneos;
				TARGETED_DEVICE_FAMILY = "1,2";
				VALIDATE_PRODUCT = YES;
			};
			name = Release;
		};
		59A8AD981D73EB85002AB46B /* Debug */ = {
			isa = XCBuildConfiguration;
			buildSettings = {
				ASSETCATALOG_COMPILER_APPICON_NAME = AppIcon;
				INFOPLIST_FILE = BebEvo/Info.plist;
				LD_RUNPATH_SEARCH_PATHS = "$(inherited) @executable_path/Frameworks";
				PRODUCT_BUNDLE_IDENTIFIER = noelferreira.BebEvo;
				PRODUCT_NAME = "$(TARGET_NAME)";
			};
			name = Debug;
		};
		59A8AD991D73EB85002AB46B /* Release */ = {
			isa = XCBuildConfiguration;
			buildSettings = {
				ASSETCATALOG_COMPILER_APPICON_NAME = AppIcon;
				INFOPLIST_FILE = BebEvo/Info.plist;
				LD_RUNPATH_SEARCH_PATHS = "$(inherited) @executable_path/Frameworks";
				PRODUCT_BUNDLE_IDENTIFIER = noelferreira.BebEvo;
				PRODUCT_NAME = "$(TARGET_NAME)";
			};
			name = Release;
		};
		59A8AD9B1D73EB85002AB46B /* Debug */ = {
			isa = XCBuildConfiguration;
			buildSettings = {
				BUNDLE_LOADER = "$(TEST_HOST)";
				INFOPLIST_FILE = BebEvoTests/Info.plist;
				LD_RUNPATH_SEARCH_PATHS = "$(inherited) @executable_path/Frameworks @loader_path/Frameworks";
				PRODUCT_BUNDLE_IDENTIFIER = noelferreira.BebEvoTests;
				PRODUCT_NAME = "$(TARGET_NAME)";
				TEST_HOST = "$(BUILT_PRODUCTS_DIR)/BebEvo.app/BebEvo";
			};
			name = Debug;
		};
		59A8AD9C1D73EB85002AB46B /* Release */ = {
			isa = XCBuildConfiguration;
			buildSettings = {
				BUNDLE_LOADER = "$(TEST_HOST)";
				INFOPLIST_FILE = BebEvoTests/Info.plist;
				LD_RUNPATH_SEARCH_PATHS = "$(inherited) @executable_path/Frameworks @loader_path/Frameworks";
				PRODUCT_BUNDLE_IDENTIFIER = noelferreira.BebEvoTests;
				PRODUCT_NAME = "$(TARGET_NAME)";
				TEST_HOST = "$(BUILT_PRODUCTS_DIR)/BebEvo.app/BebEvo";
			};
			name = Release;
		};
		59A8AD9E1D73EB85002AB46B /* Debug */ = {
			isa = XCBuildConfiguration;
			buildSettings = {
				INFOPLIST_FILE = BebEvoUITests/Info.plist;
				LD_RUNPATH_SEARCH_PATHS = "$(inherited) @executable_path/Frameworks @loader_path/Frameworks";
				PRODUCT_BUNDLE_IDENTIFIER = noelferreira.BebEvoUITests;
				PRODUCT_NAME = "$(TARGET_NAME)";
				TEST_TARGET_NAME = BebEvo;
			};
			name = Debug;
		};
		59A8AD9F1D73EB85002AB46B /* Release */ = {
			isa = XCBuildConfiguration;
			buildSettings = {
				INFOPLIST_FILE = BebEvoUITests/Info.plist;
				LD_RUNPATH_SEARCH_PATHS = "$(inherited) @executable_path/Frameworks @loader_path/Frameworks";
				PRODUCT_BUNDLE_IDENTIFIER = noelferreira.BebEvoUITests;
				PRODUCT_NAME = "$(TARGET_NAME)";
				TEST_TARGET_NAME = BebEvo;
			};
			name = Release;
		};
/* End XCBuildConfiguration section */

/* Begin XCConfigurationList section */
		59A8AD6A1D73EB85002AB46B /* Build configuration list for PBXProject "BebEvo" */ = {
			isa = XCConfigurationList;
			buildConfigurations = (
				59A8AD951D73EB85002AB46B /* Debug */,
				59A8AD961D73EB85002AB46B /* Release */,
			);
			defaultConfigurationIsVisible = 0;
			defaultConfigurationName = Release;
		};
		59A8AD971D73EB85002AB46B /* Build configuration list for PBXNativeTarget "BebEvo" */ = {
			isa = XCConfigurationList;
			buildConfigurations = (
				59A8AD981D73EB85002AB46B /* Debug */,
				59A8AD991D73EB85002AB46B /* Release */,
			);
			defaultConfigurationIsVisible = 0;
		};
		59A8AD9A1D73EB85002AB46B /* Build configuration list for PBXNativeTarget "BebEvoTests" */ = {
			isa = XCConfigurationList;
			buildConfigurations = (
				59A8AD9B1D73EB85002AB46B /* Debug */,
				59A8AD9C1D73EB85002AB46B /* Release */,
			);
			defaultConfigurationIsVisible = 0;
		};
		59A8AD9D1D73EB85002AB46B /* Build configuration list for PBXNativeTarget "BebEvoUITests" */ = {
			isa = XCConfigurationList;
			buildConfigurations = (
				59A8AD9E1D73EB85002AB46B /* Debug */,
				59A8AD9F1D73EB85002AB46B /* Release */,
			);
			defaultConfigurationIsVisible = 0;
		};
/* End XCConfigurationList section */
	};
	rootObject = 59A8AD671D73EB85002AB46B /* Project object */;
}
